{
  "name": "sortable",
  "version": "1.0.0",
  "lockfileVersion": 1,
  "requires": true,
  "dependencies": {
    "sortablejs": {
      "version": "1.8.1",
      "resolved": "https://registry.npmjs.org/sortablejs/-/sortablejs-1.8.1.tgz",
      "integrity": "sha512-r0bKxZYGUFgv/6DQSWW8TVJBBtupUn6TPnDABd4rlqNq+u94ct5+barZmYauPAQNCKwy56C1kg9Y9msAN7UPag=="
    }
  }
}
